
Microsoft Visual Studio Solution File, Format Version 12.00
# Visual Studio 15
VisualStudioVersion = 15.0.28307.168
MinimumVisualStudioVersion = 10.0.40219.1
Project("{FAE04EC0-301F-11D3-BF4B-00C04F79EFBC}") = "MikeCIDemo", "MikeCIDemo\MikeCIDemo.csproj", "{8FE5FE87-C377-44EF-AD99-B448810C5C10}"
EndProject
Project("{FAE04EC0-301F-11D3-BF4B-00C04F79EFBC}") = "MikeCIDemo.Tests", "MikeCIDemo.Tests\MikeCIDemo.Tests.csproj", "{C1D104EC-EB59-4E4F-BF61-0459E462B13A}"
EndProject
Global
	GlobalSection(SolutionConfigurationPlatforms) = preSolution
		Debug|Any CPU = Debug|Any CPU
		Release|Any CPU = Release|Any CPU
	EndGlobalSection
	GlobalSection(ProjectConfigurationPlatforms) = postSolution
		{8FE5FE87-C377-44EF-AD99-B448810C5C10}.Debug|Any CPU.ActiveCfg = Debug|Any CPU
		{8FE5FE87-C377-44EF-AD99-B448810C5C10}.Debug|Any CPU.Build.0 = Debug|Any CPU
		{8FE5FE87-C377-44EF-AD99-B448810C5C10}.Release|Any CPU.ActiveCfg = Release|Any CPU
		{8FE5FE87-C377-44EF-AD99-B448810C5C10}.Release|Any CPU.Build.0 = Release|Any CPU
		{C1D104EC-EB59-4E4F-BF61-0459E462B13A}.Debug|Any CPU.ActiveCfg = Debug|Any CPU
		{C1D104EC-EB59-4E4F-BF61-0459E462B13A}.Debug|Any CPU.Build.0 = Debug|Any CPU
		{C1D104EC-EB59-4E4F-BF61-0459E462B13A}.Release|Any CPU.ActiveCfg = Release|Any CPU
		{C1D104EC-EB59-4E4F-BF61-0459E462B13A}.Release|Any CPU.Build.0 = Release|Any CPU
	EndGlobalSection
	GlobalSection(SolutionProperties) = preSolution
		HideSolutionNode = FALSE
	EndGlobalSection
	GlobalSection(ExtensibilityGlobals) = postSolution
		SolutionGuid = {4168AC5C-2634-41AF-B17D-8A521D0EE184}
	EndGlobalSection
EndGlobal
